
Microsoft Visual Studio Solution File, Format Version 12.00
# Visual Studio Version 16
VisualStudioVersion = 16.0.29806.167
MinimumVisualStudioVersion = 10.0.40219.1
Project("{FAE04EC0-301F-11D3-BF4B-00C04F79EFBC}") = "GestorUI.Android", "GestorUI\GestorUI.Android\GestorUI.Android.csproj", "{E51DB19C-333C-45D7-949D-AC0D8CDCBBBC}"
EndProject
Project("{FAE04EC0-301F-11D3-BF4B-00C04F79EFBC}") = "GestorUI.iOS", "GestorUI\GestorUI.iOS\GestorUI.iOS.csproj", "{75DD845E-B5FC-49CB-9868-62E13959B69B}"
EndProject
Project("{FAE04EC0-301F-11D3-BF4B-00C04F79EFBC}") = "GestorUI", "GestorUI\GestorUI\GestorUI.csproj", "{4B5A8ADC-B370-4DAB-B163-67B24E1A7605}"
EndProject
Global
	GlobalSection(SolutionConfigurationPlatforms) = preSolution
		Debug|Any CPU = Debug|Any CPU
		Debug|iPhone = Debug|iPhone
		Debug|iPhoneSimulator = Debug|iPhoneSimulator
		Release|Any CPU = Release|Any CPU
		Release|iPhone = Release|iPhone
		Release|iPhoneSimulator = Release|iPhoneSimulator
	EndGlobalSection
	GlobalSection(ProjectConfigurationPlatforms) = postSolution
		{E51DB19C-333C-45D7-949D-AC0D8CDCBBBC}.Debug|Any CPU.ActiveCfg = Debug|Any CPU
		{E51DB19C-333C-45D7-949D-AC0D8CDCBBBC}.Debug|Any CPU.Build.0 = Debug|Any CPU
		{E51DB19C-333C-45D7-949D-AC0D8CDCBBBC}.Debug|Any CPU.Deploy.0 = Debug|Any CPU
		{E51DB19C-333C-45D7-949D-AC0D8CDCBBBC}.Debug|iPhone.ActiveCfg = Debug|Any CPU
		{E51DB19C-333C-45D7-949D-AC0D8CDCBBBC}.Debug|iPhone.Build.0 = Debug|Any CPU
		{E51DB19C-333C-45D7-949D-AC0D8CDCBBBC}.Debug|iPhone.Deploy.0 = Debug|Any CPU
		{E51DB19C-333C-45D7-949D-AC0D8CDCBBBC}.Debug|iPhoneSimulator.ActiveCfg = Debug|Any CPU
		{E51DB19C-333C-45D7-949D-AC0D8CDCBBBC}.Debug|iPhoneSimulator.Build.0 = Debug|Any CPU
		{E51DB19C-333C-45D7-949D-AC0D8CDCBBBC}.Debug|iPhoneSimulator.Deploy.0 = Debug|Any CPU
		{E51DB19C-333C-45D7-949D-AC0D8CDCBBBC}.Release|Any CPU.ActiveCfg = Release|Any CPU
		{E51DB19C-333C-45D7-949D-AC0D8CDCBBBC}.Release|Any CPU.Build.0 = Release|Any CPU
		{E51DB19C-333C-45D7-949D-AC0D8CDCBBBC}.Release|Any CPU.Deploy.0 = Release|Any CPU
		{E51DB19C-333C-45D7-949D-AC0D8CDCBBBC}.Release|iPhone.ActiveCfg = Release|Any CPU
		{E51DB19C-333C-45D7-949D-AC0D8CDCBBBC}.Release|iPhone.Build.0 = Release|Any CPU
		{E51DB19C-333C-45D7-949D-AC0D8CDCBBBC}.Release|iPhone.Deploy.0 = Release|Any CPU
		{E51DB19C-333C-45D7-949D-AC0D8CDCBBBC}.Release|iPhoneSimulator.ActiveCfg = Release|Any CPU
		{E51DB19C-333C-45D7-949D-AC0D8CDCBBBC}.Release|iPhoneSimulator.Build.0 = Release|Any CPU
		{E51DB19C-333C-45D7-949D-AC0D8CDCBBBC}.Release|iPhoneSimulator.Deploy.0 = Release|Any CPU
		{75DD845E-B5FC-49CB-9868-62E13959B69B}.Debug|Any CPU.ActiveCfg = Debug|iPhoneSimulator
		{75DD845E-B5FC-49CB-9868-62E13959B69B}.Debug|Any CPU.Build.0 = Debug|iPhoneSimulator
		{75DD845E-B5FC-49CB-9868-62E13959B69B}.Debug|Any CPU.Deploy.0 = Debug|iPhoneSimulator
		{75DD845E-B5FC-49CB-9868-62E13959B69B}.Debug|iPhone.ActiveCfg = Debug|iPhone
		{75DD845E-B5FC-49CB-9868-62E13959B69B}.Debug|iPhone.Build.0 = Debug|iPhone
		{75DD845E-B5FC-49CB-9868-62E13959B69B}.Debug|iPhone.Deploy.0 = Debug|iPhone
		{75DD845E-B5FC-49CB-9868-62E13959B69B}.Debug|iPhoneSimulator.ActiveCfg = Debug|iPhoneSimulator
		{75DD845E-B5FC-49CB-9868-62E13959B69B}.Debug|iPhoneSimulator.Build.0 = Debug|iPhoneSimulator
		{75DD845E-B5FC-49CB-9868-62E13959B69B}.Debug|iPhoneSimulator.Deploy.0 = Debug|iPhoneSimulator
		{75DD845E-B5FC-49CB-9868-62E13959B69B}.Release|Any CPU.ActiveCfg = Release|iPhone
		{75DD845E-B5FC-49CB-9868-62E13959B69B}.Release|Any CPU.Build.0 = Release|iPhone
		{75DD845E-B5FC-49CB-9868-62E13959B69B}.Release|Any CPU.Deploy.0 = Release|iPhone
		{75DD845E-B5FC-49CB-9868-62E13959B69B}.Release|iPhone.ActiveCfg = Release|iPhone
		{75DD845E-B5FC-49CB-9868-62E13959B69B}.Release|iPhone.Build.0 = Release|iPhone
		{75DD845E-B5FC-49CB-9868-62E13959B69B}.Release|iPhone.Deploy.0 = Release|iPhone
		{75DD845E-B5FC-49CB-9868-62E13959B69B}.Release|iPhoneSimulator.ActiveCfg = Release|iPhoneSimulator
		{75DD845E-B5FC-49CB-9868-62E13959B69B}.Release|iPhoneSimulator.Build.0 = Release|iPhoneSimulator
		{75DD845E-B5FC-49CB-9868-62E13959B69B}.Release|iPhoneSimulator.Deploy.0 = Release|iPhoneSimulator
		{4B5A8ADC-B370-4DAB-B163-67B24E1A7605}.Debug|Any CPU.ActiveCfg = Debug|Any CPU
		{4B5A8ADC-B370-4DAB-B163-67B24E1A7605}.Debug|Any CPU.Build.0 = Debug|Any CPU
		{4B5A8ADC-B370-4DAB-B163-67B24E1A7605}.Debug|Any CPU.Deploy.0 = Debug|Any CPU
		{4B5A8ADC-B370-4DAB-B163-67B24E1A7605}.Debug|iPhone.ActiveCfg = Debug|Any CPU
		{4B5A8ADC-B370-4DAB-B163-67B24E1A7605}.Debug|iPhone.Build.0 = Debug|Any CPU
		{4B5A8ADC-B370-4DAB-B163-67B24E1A7605}.Debug|iPhone.Deploy.0 = Debug|Any CPU
		{4B5A8ADC-B370-4DAB-B163-67B24E1A7605}.Debug|iPhoneSimulator.ActiveCfg = Debug|Any CPU
		{4B5A8ADC-B370-4DAB-B163-67B24E1A7605}.Debug|iPhoneSimulator.Build.0 = Debug|Any CPU
		{4B5A8ADC-B370-4DAB-B163-67B24E1A7605}.Debug|iPhoneSimulator.Deploy.0 = Debug|Any CPU
		{4B5A8ADC-B370-4DAB-B163-67B24E1A7605}.Release|Any CPU.ActiveCfg = Release|Any CPU
		{4B5A8ADC-B370-4DAB-B163-67B24E1A7605}.Release|Any CPU.Build.0 = Release|Any CPU
		{4B5A8ADC-B370-4DAB-B163-67B24E1A7605}.Release|Any CPU.Deploy.0 = Release|Any CPU
		{4B5A8ADC-B370-4DAB-B163-67B24E1A7605}.Release|iPhone.ActiveCfg = Release|Any CPU
		{4B5A8ADC-B370-4DAB-B163-67B24E1A7605}.Release|iPhone.Build.0 = Release|Any CPU
		{4B5A8ADC-B370-4DAB-B163-67B24E1A7605}.Release|iPhone.Deploy.0 = Release|Any CPU
		{4B5A8ADC-B370-4DAB-B163-67B24E1A7605}.Release|iPhoneSimulator.ActiveCfg = Release|Any CPU
		{4B5A8ADC-B370-4DAB-B163-67B24E1A7605}.Release|iPhoneSimulator.Build.0 = Release|Any CPU
		{4B5A8ADC-B370-4DAB-B163-67B24E1A7605}.Release|iPhoneSimulator.Deploy.0 = Release|Any CPU
	EndGlobalSection
	GlobalSection(SolutionProperties) = preSolution
		HideSolutionNode = FALSE
	EndGlobalSection
	GlobalSection(ExtensibilityGlobals) = postSolution
		SolutionGuid = {7D60FB5B-7114-418F-8960-1A3E7ACF2E03}
	EndGlobalSection
EndGlobal
