
Microsoft Visual Studio Solution File, Format Version 12.00
# Visual Studio Version 16
VisualStudioVersion = 16.0.29905.134
MinimumVisualStudioVersion = 10.0.40219.1
Project("{9A19103F-16F7-4668-BE54-9A1E7A4F7556}") = "ServerMyBar", "ServerMyBar\ServerMyBar.csproj", "{FE903426-612E-4316-8217-AB10C29401CE}"
EndProject
Global
	GlobalSection(SolutionConfigurationPlatforms) = preSolution
		Debug|Any CPU = Debug|Any CPU
		Release|Any CPU = Release|Any CPU
	EndGlobalSection
	GlobalSection(ProjectConfigurationPlatforms) = postSolution
		{FE903426-612E-4316-8217-AB10C29401CE}.Debug|Any CPU.ActiveCfg = Debug|Any CPU
		{FE903426-612E-4316-8217-AB10C29401CE}.Debug|Any CPU.Build.0 = Debug|Any CPU
		{FE903426-612E-4316-8217-AB10C29401CE}.Release|Any CPU.ActiveCfg = Release|Any CPU
		{FE903426-612E-4316-8217-AB10C29401CE}.Release|Any CPU.Build.0 = Release|Any CPU
	EndGlobalSection
	GlobalSection(SolutionProperties) = preSolution
		HideSolutionNode = FALSE
	EndGlobalSection
	GlobalSection(ExtensibilityGlobals) = postSolution
		SolutionGuid = {E05AEAD7-EAB2-44D4-8DDC-702566BEC065}
	EndGlobalSection
EndGlobal
