
Microsoft Visual Studio Solution File, Format Version 12.00
# Visual Studio Version 16
VisualStudioVersion = 16.0.29911.84
MinimumVisualStudioVersion = 10.0.40219.1
Project("{FAE04EC0-301F-11D3-BF4B-00C04F79EFBC}") = "AppCliente.Android", "AppCliente\AppCliente.Android\AppCliente.Android.csproj", "{984C25F7-957A-4B4B-8982-77B4934D2735}"
EndProject
Project("{FAE04EC0-301F-11D3-BF4B-00C04F79EFBC}") = "AppCliente.iOS", "AppCliente\AppCliente.iOS\AppCliente.iOS.csproj", "{EF65DAF8-25B4-4B70-AD31-A4940A744B11}"
EndProject
Project("{FAE04EC0-301F-11D3-BF4B-00C04F79EFBC}") = "AppCliente", "AppCliente\AppCliente\AppCliente.csproj", "{BCCE22AB-F1A9-4696-AA07-BD9F1B5E5201}"
EndProject
Global
	GlobalSection(SolutionConfigurationPlatforms) = preSolution
		Debug|Any CPU = Debug|Any CPU
		Debug|iPhone = Debug|iPhone
		Debug|iPhoneSimulator = Debug|iPhoneSimulator
		Release|Any CPU = Release|Any CPU
		Release|iPhone = Release|iPhone
		Release|iPhoneSimulator = Release|iPhoneSimulator
	EndGlobalSection
	GlobalSection(ProjectConfigurationPlatforms) = postSolution
		{984C25F7-957A-4B4B-8982-77B4934D2735}.Debug|Any CPU.ActiveCfg = Debug|Any CPU
		{984C25F7-957A-4B4B-8982-77B4934D2735}.Debug|Any CPU.Build.0 = Debug|Any CPU
		{984C25F7-957A-4B4B-8982-77B4934D2735}.Debug|Any CPU.Deploy.0 = Debug|Any CPU
		{984C25F7-957A-4B4B-8982-77B4934D2735}.Debug|iPhone.ActiveCfg = Debug|Any CPU
		{984C25F7-957A-4B4B-8982-77B4934D2735}.Debug|iPhone.Build.0 = Debug|Any CPU
		{984C25F7-957A-4B4B-8982-77B4934D2735}.Debug|iPhone.Deploy.0 = Debug|Any CPU
		{984C25F7-957A-4B4B-8982-77B4934D2735}.Debug|iPhoneSimulator.ActiveCfg = Debug|Any CPU
		{984C25F7-957A-4B4B-8982-77B4934D2735}.Debug|iPhoneSimulator.Build.0 = Debug|Any CPU
		{984C25F7-957A-4B4B-8982-77B4934D2735}.Debug|iPhoneSimulator.Deploy.0 = Debug|Any CPU
		{984C25F7-957A-4B4B-8982-77B4934D2735}.Release|Any CPU.ActiveCfg = Release|Any CPU
		{984C25F7-957A-4B4B-8982-77B4934D2735}.Release|Any CPU.Build.0 = Release|Any CPU
		{984C25F7-957A-4B4B-8982-77B4934D2735}.Release|Any CPU.Deploy.0 = Release|Any CPU
		{984C25F7-957A-4B4B-8982-77B4934D2735}.Release|iPhone.ActiveCfg = Release|Any CPU
		{984C25F7-957A-4B4B-8982-77B4934D2735}.Release|iPhone.Build.0 = Release|Any CPU
		{984C25F7-957A-4B4B-8982-77B4934D2735}.Release|iPhone.Deploy.0 = Release|Any CPU
		{984C25F7-957A-4B4B-8982-77B4934D2735}.Release|iPhoneSimulator.ActiveCfg = Release|Any CPU
		{984C25F7-957A-4B4B-8982-77B4934D2735}.Release|iPhoneSimulator.Build.0 = Release|Any CPU
		{984C25F7-957A-4B4B-8982-77B4934D2735}.Release|iPhoneSimulator.Deploy.0 = Release|Any CPU
		{EF65DAF8-25B4-4B70-AD31-A4940A744B11}.Debug|Any CPU.ActiveCfg = Debug|iPhone
		{EF65DAF8-25B4-4B70-AD31-A4940A744B11}.Debug|Any CPU.Build.0 = Debug|iPhone
		{EF65DAF8-25B4-4B70-AD31-A4940A744B11}.Debug|Any CPU.Deploy.0 = Debug|iPhone
		{EF65DAF8-25B4-4B70-AD31-A4940A744B11}.Debug|iPhone.ActiveCfg = Debug|iPhone
		{EF65DAF8-25B4-4B70-AD31-A4940A744B11}.Debug|iPhone.Build.0 = Debug|iPhone
		{EF65DAF8-25B4-4B70-AD31-A4940A744B11}.Debug|iPhone.Deploy.0 = Debug|iPhone
		{EF65DAF8-25B4-4B70-AD31-A4940A744B11}.Debug|iPhoneSimulator.ActiveCfg = Debug|iPhoneSimulator
		{EF65DAF8-25B4-4B70-AD31-A4940A744B11}.Debug|iPhoneSimulator.Build.0 = Debug|iPhoneSimulator
		{EF65DAF8-25B4-4B70-AD31-A4940A744B11}.Debug|iPhoneSimulator.Deploy.0 = Debug|iPhoneSimulator
		{EF65DAF8-25B4-4B70-AD31-A4940A744B11}.Release|Any CPU.ActiveCfg = Release|iPhone
		{EF65DAF8-25B4-4B70-AD31-A4940A744B11}.Release|Any CPU.Build.0 = Release|iPhone
		{EF65DAF8-25B4-4B70-AD31-A4940A744B11}.Release|Any CPU.Deploy.0 = Release|iPhone
		{EF65DAF8-25B4-4B70-AD31-A4940A744B11}.Release|iPhone.ActiveCfg = Release|iPhone
		{EF65DAF8-25B4-4B70-AD31-A4940A744B11}.Release|iPhone.Build.0 = Release|iPhone
		{EF65DAF8-25B4-4B70-AD31-A4940A744B11}.Release|iPhone.Deploy.0 = Release|iPhone
		{EF65DAF8-25B4-4B70-AD31-A4940A744B11}.Release|iPhoneSimulator.ActiveCfg = Release|iPhoneSimulator
		{EF65DAF8-25B4-4B70-AD31-A4940A744B11}.Release|iPhoneSimulator.Build.0 = Release|iPhoneSimulator
		{EF65DAF8-25B4-4B70-AD31-A4940A744B11}.Release|iPhoneSimulator.Deploy.0 = Release|iPhoneSimulator
		{BCCE22AB-F1A9-4696-AA07-BD9F1B5E5201}.Debug|Any CPU.ActiveCfg = Debug|Any CPU
		{BCCE22AB-F1A9-4696-AA07-BD9F1B5E5201}.Debug|Any CPU.Build.0 = Debug|Any CPU
		{BCCE22AB-F1A9-4696-AA07-BD9F1B5E5201}.Debug|Any CPU.Deploy.0 = Debug|Any CPU
		{BCCE22AB-F1A9-4696-AA07-BD9F1B5E5201}.Debug|iPhone.ActiveCfg = Debug|Any CPU
		{BCCE22AB-F1A9-4696-AA07-BD9F1B5E5201}.Debug|iPhone.Build.0 = Debug|Any CPU
		{BCCE22AB-F1A9-4696-AA07-BD9F1B5E5201}.Debug|iPhone.Deploy.0 = Debug|Any CPU
		{BCCE22AB-F1A9-4696-AA07-BD9F1B5E5201}.Debug|iPhoneSimulator.ActiveCfg = Debug|Any CPU
		{BCCE22AB-F1A9-4696-AA07-BD9F1B5E5201}.Debug|iPhoneSimulator.Build.0 = Debug|Any CPU
		{BCCE22AB-F1A9-4696-AA07-BD9F1B5E5201}.Debug|iPhoneSimulator.Deploy.0 = Debug|Any CPU
		{BCCE22AB-F1A9-4696-AA07-BD9F1B5E5201}.Release|Any CPU.ActiveCfg = Release|Any CPU
		{BCCE22AB-F1A9-4696-AA07-BD9F1B5E5201}.Release|Any CPU.Build.0 = Release|Any CPU
		{BCCE22AB-F1A9-4696-AA07-BD9F1B5E5201}.Release|Any CPU.Deploy.0 = Release|Any CPU
		{BCCE22AB-F1A9-4696-AA07-BD9F1B5E5201}.Release|iPhone.ActiveCfg = Release|Any CPU
		{BCCE22AB-F1A9-4696-AA07-BD9F1B5E5201}.Release|iPhone.Build.0 = Release|Any CPU
		{BCCE22AB-F1A9-4696-AA07-BD9F1B5E5201}.Release|iPhone.Deploy.0 = Release|Any CPU
		{BCCE22AB-F1A9-4696-AA07-BD9F1B5E5201}.Release|iPhoneSimulator.ActiveCfg = Release|Any CPU
		{BCCE22AB-F1A9-4696-AA07-BD9F1B5E5201}.Release|iPhoneSimulator.Build.0 = Release|Any CPU
		{BCCE22AB-F1A9-4696-AA07-BD9F1B5E5201}.Release|iPhoneSimulator.Deploy.0 = Release|Any CPU
	EndGlobalSection
	GlobalSection(SolutionProperties) = preSolution
		HideSolutionNode = FALSE
	EndGlobalSection
	GlobalSection(ExtensibilityGlobals) = postSolution
		SolutionGuid = {B202C0D9-C41B-48E3-96BE-A0691E15DFDD}
	EndGlobalSection
EndGlobal
