
Microsoft Visual Studio Solution File, Format Version 12.00
# Visual Studio Version 16
VisualStudioVersion = 16.0.29911.84
MinimumVisualStudioVersion = 10.0.40219.1
Project("{FAE04EC0-301F-11D3-BF4B-00C04F79EFBC}") = "AppFuncionario.Android", "AppFuncionario\AppFuncionario.Android\AppFuncionario.Android.csproj", "{E8AD1D7E-2674-409D-96EC-1C354EAE4A37}"
EndProject
Project("{FAE04EC0-301F-11D3-BF4B-00C04F79EFBC}") = "AppFuncionario.iOS", "AppFuncionario\AppFuncionario.iOS\AppFuncionario.iOS.csproj", "{184F076E-5ADA-470E-802B-657F974DFBA9}"
EndProject
Project("{FAE04EC0-301F-11D3-BF4B-00C04F79EFBC}") = "AppFuncionario", "AppFuncionario\AppFuncionario\AppFuncionario.csproj", "{47B59A93-E74D-46C8-902A-3992CED426B7}"
EndProject
Global
	GlobalSection(SolutionConfigurationPlatforms) = preSolution
		Debug|Any CPU = Debug|Any CPU
		Debug|iPhone = Debug|iPhone
		Debug|iPhoneSimulator = Debug|iPhoneSimulator
		Release|Any CPU = Release|Any CPU
		Release|iPhone = Release|iPhone
		Release|iPhoneSimulator = Release|iPhoneSimulator
	EndGlobalSection
	GlobalSection(ProjectConfigurationPlatforms) = postSolution
		{E8AD1D7E-2674-409D-96EC-1C354EAE4A37}.Debug|Any CPU.ActiveCfg = Debug|Any CPU
		{E8AD1D7E-2674-409D-96EC-1C354EAE4A37}.Debug|Any CPU.Build.0 = Debug|Any CPU
		{E8AD1D7E-2674-409D-96EC-1C354EAE4A37}.Debug|Any CPU.Deploy.0 = Debug|Any CPU
		{E8AD1D7E-2674-409D-96EC-1C354EAE4A37}.Debug|iPhone.ActiveCfg = Debug|Any CPU
		{E8AD1D7E-2674-409D-96EC-1C354EAE4A37}.Debug|iPhone.Build.0 = Debug|Any CPU
		{E8AD1D7E-2674-409D-96EC-1C354EAE4A37}.Debug|iPhone.Deploy.0 = Debug|Any CPU
		{E8AD1D7E-2674-409D-96EC-1C354EAE4A37}.Debug|iPhoneSimulator.ActiveCfg = Debug|Any CPU
		{E8AD1D7E-2674-409D-96EC-1C354EAE4A37}.Debug|iPhoneSimulator.Build.0 = Debug|Any CPU
		{E8AD1D7E-2674-409D-96EC-1C354EAE4A37}.Debug|iPhoneSimulator.Deploy.0 = Debug|Any CPU
		{E8AD1D7E-2674-409D-96EC-1C354EAE4A37}.Release|Any CPU.ActiveCfg = Release|Any CPU
		{E8AD1D7E-2674-409D-96EC-1C354EAE4A37}.Release|Any CPU.Build.0 = Release|Any CPU
		{E8AD1D7E-2674-409D-96EC-1C354EAE4A37}.Release|Any CPU.Deploy.0 = Release|Any CPU
		{E8AD1D7E-2674-409D-96EC-1C354EAE4A37}.Release|iPhone.ActiveCfg = Release|Any CPU
		{E8AD1D7E-2674-409D-96EC-1C354EAE4A37}.Release|iPhone.Build.0 = Release|Any CPU
		{E8AD1D7E-2674-409D-96EC-1C354EAE4A37}.Release|iPhone.Deploy.0 = Release|Any CPU
		{E8AD1D7E-2674-409D-96EC-1C354EAE4A37}.Release|iPhoneSimulator.ActiveCfg = Release|Any CPU
		{E8AD1D7E-2674-409D-96EC-1C354EAE4A37}.Release|iPhoneSimulator.Build.0 = Release|Any CPU
		{E8AD1D7E-2674-409D-96EC-1C354EAE4A37}.Release|iPhoneSimulator.Deploy.0 = Release|Any CPU
		{184F076E-5ADA-470E-802B-657F974DFBA9}.Debug|Any CPU.ActiveCfg = Debug|iPhone
		{184F076E-5ADA-470E-802B-657F974DFBA9}.Debug|Any CPU.Build.0 = Debug|iPhone
		{184F076E-5ADA-470E-802B-657F974DFBA9}.Debug|Any CPU.Deploy.0 = Debug|iPhone
		{184F076E-5ADA-470E-802B-657F974DFBA9}.Debug|iPhone.ActiveCfg = Debug|iPhone
		{184F076E-5ADA-470E-802B-657F974DFBA9}.Debug|iPhone.Build.0 = Debug|iPhone
		{184F076E-5ADA-470E-802B-657F974DFBA9}.Debug|iPhone.Deploy.0 = Debug|iPhone
		{184F076E-5ADA-470E-802B-657F974DFBA9}.Debug|iPhoneSimulator.ActiveCfg = Debug|iPhoneSimulator
		{184F076E-5ADA-470E-802B-657F974DFBA9}.Debug|iPhoneSimulator.Build.0 = Debug|iPhoneSimulator
		{184F076E-5ADA-470E-802B-657F974DFBA9}.Debug|iPhoneSimulator.Deploy.0 = Debug|iPhoneSimulator
		{184F076E-5ADA-470E-802B-657F974DFBA9}.Release|Any CPU.ActiveCfg = Release|iPhone
		{184F076E-5ADA-470E-802B-657F974DFBA9}.Release|Any CPU.Build.0 = Release|iPhone
		{184F076E-5ADA-470E-802B-657F974DFBA9}.Release|Any CPU.Deploy.0 = Release|iPhone
		{184F076E-5ADA-470E-802B-657F974DFBA9}.Release|iPhone.ActiveCfg = Release|iPhone
		{184F076E-5ADA-470E-802B-657F974DFBA9}.Release|iPhone.Build.0 = Release|iPhone
		{184F076E-5ADA-470E-802B-657F974DFBA9}.Release|iPhone.Deploy.0 = Release|iPhone
		{184F076E-5ADA-470E-802B-657F974DFBA9}.Release|iPhoneSimulator.ActiveCfg = Release|iPhoneSimulator
		{184F076E-5ADA-470E-802B-657F974DFBA9}.Release|iPhoneSimulator.Build.0 = Release|iPhoneSimulator
		{184F076E-5ADA-470E-802B-657F974DFBA9}.Release|iPhoneSimulator.Deploy.0 = Release|iPhoneSimulator
		{47B59A93-E74D-46C8-902A-3992CED426B7}.Debug|Any CPU.ActiveCfg = Debug|Any CPU
		{47B59A93-E74D-46C8-902A-3992CED426B7}.Debug|Any CPU.Build.0 = Debug|Any CPU
		{47B59A93-E74D-46C8-902A-3992CED426B7}.Debug|Any CPU.Deploy.0 = Debug|Any CPU
		{47B59A93-E74D-46C8-902A-3992CED426B7}.Debug|iPhone.ActiveCfg = Debug|Any CPU
		{47B59A93-E74D-46C8-902A-3992CED426B7}.Debug|iPhone.Build.0 = Debug|Any CPU
		{47B59A93-E74D-46C8-902A-3992CED426B7}.Debug|iPhone.Deploy.0 = Debug|Any CPU
		{47B59A93-E74D-46C8-902A-3992CED426B7}.Debug|iPhoneSimulator.ActiveCfg = Debug|Any CPU
		{47B59A93-E74D-46C8-902A-3992CED426B7}.Debug|iPhoneSimulator.Build.0 = Debug|Any CPU
		{47B59A93-E74D-46C8-902A-3992CED426B7}.Debug|iPhoneSimulator.Deploy.0 = Debug|Any CPU
		{47B59A93-E74D-46C8-902A-3992CED426B7}.Release|Any CPU.ActiveCfg = Release|Any CPU
		{47B59A93-E74D-46C8-902A-3992CED426B7}.Release|Any CPU.Build.0 = Release|Any CPU
		{47B59A93-E74D-46C8-902A-3992CED426B7}.Release|Any CPU.Deploy.0 = Release|Any CPU
		{47B59A93-E74D-46C8-902A-3992CED426B7}.Release|iPhone.ActiveCfg = Release|Any CPU
		{47B59A93-E74D-46C8-902A-3992CED426B7}.Release|iPhone.Build.0 = Release|Any CPU
		{47B59A93-E74D-46C8-902A-3992CED426B7}.Release|iPhone.Deploy.0 = Release|Any CPU
		{47B59A93-E74D-46C8-902A-3992CED426B7}.Release|iPhoneSimulator.ActiveCfg = Release|Any CPU
		{47B59A93-E74D-46C8-902A-3992CED426B7}.Release|iPhoneSimulator.Build.0 = Release|Any CPU
		{47B59A93-E74D-46C8-902A-3992CED426B7}.Release|iPhoneSimulator.Deploy.0 = Release|Any CPU
	EndGlobalSection
	GlobalSection(SolutionProperties) = preSolution
		HideSolutionNode = FALSE
	EndGlobalSection
	GlobalSection(ExtensibilityGlobals) = postSolution
		SolutionGuid = {71C77460-5285-41FA-B30E-1BC4208BFB88}
	EndGlobalSection
EndGlobal
